
Microsoft Visual Studio Solution File, Format Version 12.00
# Visual Studio Version 16
VisualStudioVersion = 16.0.31613.86
MinimumVisualStudioVersion = 10.0.40219.1
Project("{FAE04EC0-301F-11D3-BF4B-00C04F79EFBC}") = "CapaPresentacion", "CapaPresentacion\CapaPresentacion.csproj", "{A57CD8D5-5947-4F62-A881-B3CF42CD34F7}"
EndProject
Project("{FAE04EC0-301F-11D3-BF4B-00C04F79EFBC}") = "CapaNegocio", "CapaNegocio\CapaNegocio.csproj", "{54B8A347-84E8-4218-9420-9BBE725E54DD}"
EndProject
Global
	GlobalSection(SolutionConfigurationPlatforms) = preSolution
		Debug|Any CPU = Debug|Any CPU
		Release|Any CPU = Release|Any CPU
	EndGlobalSection
	GlobalSection(ProjectConfigurationPlatforms) = postSolution
		{A57CD8D5-5947-4F62-A881-B3CF42CD34F7}.Debug|Any CPU.ActiveCfg = Debug|Any CPU
		{A57CD8D5-5947-4F62-A881-B3CF42CD34F7}.Debug|Any CPU.Build.0 = Debug|Any CPU
		{A57CD8D5-5947-4F62-A881-B3CF42CD34F7}.Release|Any CPU.ActiveCfg = Release|Any CPU
		{A57CD8D5-5947-4F62-A881-B3CF42CD34F7}.Release|Any CPU.Build.0 = Release|Any CPU
		{54B8A347-84E8-4218-9420-9BBE725E54DD}.Debug|Any CPU.ActiveCfg = Debug|Any CPU
		{54B8A347-84E8-4218-9420-9BBE725E54DD}.Debug|Any CPU.Build.0 = Debug|Any CPU
		{54B8A347-84E8-4218-9420-9BBE725E54DD}.Release|Any CPU.ActiveCfg = Release|Any CPU
		{54B8A347-84E8-4218-9420-9BBE725E54DD}.Release|Any CPU.Build.0 = Release|Any CPU
	EndGlobalSection
	GlobalSection(SolutionProperties) = preSolution
		HideSolutionNode = FALSE
	EndGlobalSection
	GlobalSection(ExtensibilityGlobals) = postSolution
		SolutionGuid = {5C789B06-0C5C-4F77-9066-58F2C8248D18}
	EndGlobalSection
EndGlobal
